// !$*UTF8*$!
{
	archiveVersion = 1;
	classes = {
	};
	objectVersion = 56;
	objects = {

/* Begin PBXBuildFile section */
		0DEE846A2A214446003BA0F8 /* ColorConstant.swift in Sources */ = {isa = PBXBuildFile; fileRef = 0DEE84692A214446003BA0F8 /* ColorConstant.swift */; };
		0DEE846F2A21473B003BA0F8 /* StateManager.swift in Sources */ = {isa = PBXBuildFile; fileRef = 0DEE846E2A21473B003BA0F8 /* StateManager.swift */; };
		174410492A1FEBB900995EFB /* SideView.swift in Sources */ = {isa = PBXBuildFile; fileRef = 174410482A1FEBB900995EFB /* SideView.swift */; };
		178A14E42A26897C00DAC62E /* SettingsView.swift in Sources */ = {isa = PBXBuildFile; fileRef = 178A14E32A26897C00DAC62E /* SettingsView.swift */; };
		178A14E82A26E65300DAC62E /* WorkingMinuteOptions.swift in Sources */ = {isa = PBXBuildFile; fileRef = 178A14E72A26E65300DAC62E /* WorkingMinuteOptions.swift */; };
		178A14EA2A26F07A00DAC62E /* UserSettings.swift in Sources */ = {isa = PBXBuildFile; fileRef = 178A14E92A26F07A00DAC62E /* UserSettings.swift */; };
		178ACC6A2A27E20100C7DAF0 /* Quicksand-Bold.ttf in Resources */ = {isa = PBXBuildFile; fileRef = 178ACC682A27E20100C7DAF0 /* Quicksand-Bold.ttf */; };
		178ACC6B2A27E20100C7DAF0 /* Quicksand-SemiBold.ttf in Resources */ = {isa = PBXBuildFile; fileRef = 178ACC692A27E20100C7DAF0 /* Quicksand-SemiBold.ttf */; };
		178ACC742A27E2C800C7DAF0 /* Montserrat-Regular.ttf in Resources */ = {isa = PBXBuildFile; fileRef = 178ACC702A27E2C800C7DAF0 /* Montserrat-Regular.ttf */; };
		178ACC752A27E2C800C7DAF0 /* Montserrat-Medium.ttf in Resources */ = {isa = PBXBuildFile; fileRef = 178ACC712A27E2C800C7DAF0 /* Montserrat-Medium.ttf */; };
		178ACC762A27E2C800C7DAF0 /* Montserrat-Bold.ttf in Resources */ = {isa = PBXBuildFile; fileRef = 178ACC722A27E2C800C7DAF0 /* Montserrat-Bold.ttf */; };
		178ACC772A27E2C800C7DAF0 /* Montserrat-SemiBold.ttf in Resources */ = {isa = PBXBuildFile; fileRef = 178ACC732A27E2C800C7DAF0 /* Montserrat-SemiBold.ttf */; };
		178ACC7A2A27E36100C7DAF0 /* Font Extension.swift in Sources */ = {isa = PBXBuildFile; fileRef = 178ACC792A27E36100C7DAF0 /* Font Extension.swift */; };
		178ACC7C2A28217000C7DAF0 /* NotificationManager.swift in Sources */ = {isa = PBXBuildFile; fileRef = 178ACC7B2A28217000C7DAF0 /* NotificationManager.swift */; };
		1797FCF32A25390D000E0C3E /* ClockTimer.swift in Sources */ = {isa = PBXBuildFile; fileRef = 1797FCF22A25390D000E0C3E /* ClockTimer.swift */; };
		17BFF77A2A20361000349993 /* SideViewModel.swift in Sources */ = {isa = PBXBuildFile; fileRef = 17BFF7792A20361000349993 /* SideViewModel.swift */; };
		17BFF77C2A20461200349993 /* CommonButtonView.swift in Sources */ = {isa = PBXBuildFile; fileRef = 17BFF77B2A20461200349993 /* CommonButtonView.swift */; };
		17E479BC2A1FD51E0035662B /* FarfaleDelasApp.swift in Sources */ = {isa = PBXBuildFile; fileRef = 17E479BB2A1FD51E0035662B /* FarfaleDelasApp.swift */; };
		17E479BE2A1FD51E0035662B /* ContentView.swift in Sources */ = {isa = PBXBuildFile; fileRef = 17E479BD2A1FD51E0035662B /* ContentView.swift */; };
		17E479C02A1FD51F0035662B /* Assets.xcassets in Resources */ = {isa = PBXBuildFile; fileRef = 17E479BF2A1FD51F0035662B /* Assets.xcassets */; };
		17E479C32A1FD51F0035662B /* Preview Assets.xcassets in Resources */ = {isa = PBXBuildFile; fileRef = 17E479C22A1FD51F0035662B /* Preview Assets.xcassets */; };
		17E479CB2A1FD8AB0035662B /* ClockView.swift in Sources */ = {isa = PBXBuildFile; fileRef = 17E479CA2A1FD8AB0035662B /* ClockView.swift */; };
		4721B4522A1FECB000C73A9C /* ButtonIcon.swift in Sources */ = {isa = PBXBuildFile; fileRef = 4721B4512A1FECB000C73A9C /* ButtonIcon.swift */; };
		4721B4542A1FED8A00C73A9C /* ActivitiesList.swift in Sources */ = {isa = PBXBuildFile; fileRef = 4721B4532A1FED8A00C73A9C /* ActivitiesList.swift */; };
		4721B4772A21251600C73A9C /* CardInformation.swift in Sources */ = {isa = PBXBuildFile; fileRef = 4721B4762A21251600C73A9C /* CardInformation.swift */; };
		4721B4792A21256600C73A9C /* CardView.swift in Sources */ = {isa = PBXBuildFile; fileRef = 4721B4782A21256600C73A9C /* CardView.swift */; };
		4721B47E2A212A6600C73A9C /* CardView+ToggleButton.swift in Sources */ = {isa = PBXBuildFile; fileRef = 4721B47B2A212A6600C73A9C /* CardView+ToggleButton.swift */; };
		47D703C82A25268700B2A359 /* StatusBarController.swift in Sources */ = {isa = PBXBuildFile; fileRef = 47D703C72A25268700B2A359 /* StatusBarController.swift */; };
		47D703CC2A25287900B2A359 /* HomeViewModel.swift in Sources */ = {isa = PBXBuildFile; fileRef = 47D703CB2A25287900B2A359 /* HomeViewModel.swift */; };
		47D703CE2A2529E900B2A359 /* HomeView.swift in Sources */ = {isa = PBXBuildFile; fileRef = 47D703CD2A2529E900B2A359 /* HomeView.swift */; };
		47D703D12A25340A00B2A359 /* PauseButton.swift in Sources */ = {isa = PBXBuildFile; fileRef = 47D703D02A25340A00B2A359 /* PauseButton.swift */; };
		47D703D72A27BC5300B2A359 /* CardRoundedShape.swift in Sources */ = {isa = PBXBuildFile; fileRef = 47D703D62A27BC5300B2A359 /* CardRoundedShape.swift */; };
		47D703D92A27BCD000B2A359 /* CardView+DescriptionView.swift in Sources */ = {isa = PBXBuildFile; fileRef = 47D703D82A27BCD000B2A359 /* CardView+DescriptionView.swift */; };
		47D703DB2A27BCF300B2A359 /* CardView+Dimentions.swift in Sources */ = {isa = PBXBuildFile; fileRef = 47D703DA2A27BCF300B2A359 /* CardView+Dimentions.swift */; };
		47D703DD2A27BD0B00B2A359 /* CardView+Functions.swift in Sources */ = {isa = PBXBuildFile; fileRef = 47D703DC2A27BD0B00B2A359 /* CardView+Functions.swift */; };
		47D703DF2A27BD3100B2A359 /* CardView+Strip.swift in Sources */ = {isa = PBXBuildFile; fileRef = 47D703DE2A27BD3100B2A359 /* CardView+Strip.swift */; };
		47D703E32A27BD9200B2A359 /* Fonts.swift in Sources */ = {isa = PBXBuildFile; fileRef = 47D703E22A27BD9200B2A359 /* Fonts.swift */; };
		47D703E52A27BE0A00B2A359 /* CardView+HeaderComponents.swift in Sources */ = {isa = PBXBuildFile; fileRef = 47D703E42A27BE0A00B2A359 /* CardView+HeaderComponents.swift */; };
		47D703E72A27BE2000B2A359 /* CardView+HeaderView.swift in Sources */ = {isa = PBXBuildFile; fileRef = 47D703E62A27BE2000B2A359 /* CardView+HeaderView.swift */; };
/* End PBXBuildFile section */

/* Begin PBXFileReference section */
		0DEE84692A214446003BA0F8 /* ColorConstant.swift */ = {isa = PBXFileReference; lastKnownFileType = sourcecode.swift; path = ColorConstant.swift; sourceTree = "<group>"; };
		0DEE846E2A21473B003BA0F8 /* StateManager.swift */ = {isa = PBXFileReference; lastKnownFileType = sourcecode.swift; path = StateManager.swift; sourceTree = "<group>"; };
		174410482A1FEBB900995EFB /* SideView.swift */ = {isa = PBXFileReference; lastKnownFileType = sourcecode.swift; path = SideView.swift; sourceTree = "<group>"; };
		178A14E32A26897C00DAC62E /* SettingsView.swift */ = {isa = PBXFileReference; lastKnownFileType = sourcecode.swift; path = SettingsView.swift; sourceTree = "<group>"; };
		178A14E72A26E65300DAC62E /* WorkingMinuteOptions.swift */ = {isa = PBXFileReference; lastKnownFileType = sourcecode.swift; path = WorkingMinuteOptions.swift; sourceTree = "<group>"; };
		178A14E92A26F07A00DAC62E /* UserSettings.swift */ = {isa = PBXFileReference; lastKnownFileType = sourcecode.swift; path = UserSettings.swift; sourceTree = "<group>"; };
		178ACC682A27E20100C7DAF0 /* Quicksand-Bold.ttf */ = {isa = PBXFileReference; lastKnownFileType = file; path = "Quicksand-Bold.ttf"; sourceTree = "<group>"; };
		178ACC692A27E20100C7DAF0 /* Quicksand-SemiBold.ttf */ = {isa = PBXFileReference; lastKnownFileType = file; path = "Quicksand-SemiBold.ttf"; sourceTree = "<group>"; };
		178ACC6C2A27E21C00C7DAF0 /* Info.plist */ = {isa = PBXFileReference; lastKnownFileType = text.plist.xml; path = Info.plist; sourceTree = "<group>"; };
		178ACC702A27E2C800C7DAF0 /* Montserrat-Regular.ttf */ = {isa = PBXFileReference; lastKnownFileType = file; path = "Montserrat-Regular.ttf"; sourceTree = "<group>"; };
		178ACC712A27E2C800C7DAF0 /* Montserrat-Medium.ttf */ = {isa = PBXFileReference; lastKnownFileType = file; path = "Montserrat-Medium.ttf"; sourceTree = "<group>"; };
		178ACC722A27E2C800C7DAF0 /* Montserrat-Bold.ttf */ = {isa = PBXFileReference; lastKnownFileType = file; path = "Montserrat-Bold.ttf"; sourceTree = "<group>"; };
		178ACC732A27E2C800C7DAF0 /* Montserrat-SemiBold.ttf */ = {isa = PBXFileReference; lastKnownFileType = file; path = "Montserrat-SemiBold.ttf"; sourceTree = "<group>"; };
		178ACC792A27E36100C7DAF0 /* Font Extension.swift */ = {isa = PBXFileReference; lastKnownFileType = sourcecode.swift; path = "Font Extension.swift"; sourceTree = "<group>"; };
		178ACC7B2A28217000C7DAF0 /* NotificationManager.swift */ = {isa = PBXFileReference; lastKnownFileType = sourcecode.swift; path = NotificationManager.swift; sourceTree = "<group>"; };
		1797FCF22A25390D000E0C3E /* ClockTimer.swift */ = {isa = PBXFileReference; lastKnownFileType = sourcecode.swift; path = ClockTimer.swift; sourceTree = "<group>"; };
		17BFF7792A20361000349993 /* SideViewModel.swift */ = {isa = PBXFileReference; lastKnownFileType = sourcecode.swift; path = SideViewModel.swift; sourceTree = "<group>"; };
		17BFF77B2A20461200349993 /* CommonButtonView.swift */ = {isa = PBXFileReference; lastKnownFileType = sourcecode.swift; path = CommonButtonView.swift; sourceTree = "<group>"; };
		17E479B82A1FD51E0035662B /* FarfaleDelas.app */ = {isa = PBXFileReference; explicitFileType = wrapper.application; includeInIndex = 0; path = FarfaleDelas.app; sourceTree = BUILT_PRODUCTS_DIR; };
		17E479BB2A1FD51E0035662B /* FarfaleDelasApp.swift */ = {isa = PBXFileReference; lastKnownFileType = sourcecode.swift; path = FarfaleDelasApp.swift; sourceTree = "<group>"; };
		17E479BD2A1FD51E0035662B /* ContentView.swift */ = {isa = PBXFileReference; lastKnownFileType = sourcecode.swift; path = ContentView.swift; sourceTree = "<group>"; };
		17E479BF2A1FD51F0035662B /* Assets.xcassets */ = {isa = PBXFileReference; lastKnownFileType = folder.assetcatalog; path = Assets.xcassets; sourceTree = "<group>"; };
		17E479C22A1FD51F0035662B /* Preview Assets.xcassets */ = {isa = PBXFileReference; lastKnownFileType = folder.assetcatalog; path = "Preview Assets.xcassets"; sourceTree = "<group>"; };
		17E479C42A1FD51F0035662B /* FarfaleDelas.entitlements */ = {isa = PBXFileReference; lastKnownFileType = text.plist.entitlements; path = FarfaleDelas.entitlements; sourceTree = "<group>"; };
		17E479CA2A1FD8AB0035662B /* ClockView.swift */ = {isa = PBXFileReference; lastKnownFileType = sourcecode.swift; path = ClockView.swift; sourceTree = "<group>"; };
		4721B4512A1FECB000C73A9C /* ButtonIcon.swift */ = {isa = PBXFileReference; lastKnownFileType = sourcecode.swift; path = ButtonIcon.swift; sourceTree = "<group>"; };
		4721B4532A1FED8A00C73A9C /* ActivitiesList.swift */ = {isa = PBXFileReference; lastKnownFileType = sourcecode.swift; path = ActivitiesList.swift; sourceTree = "<group>"; };
		4721B4762A21251600C73A9C /* CardInformation.swift */ = {isa = PBXFileReference; lastKnownFileType = sourcecode.swift; path = CardInformation.swift; sourceTree = "<group>"; };
		4721B4782A21256600C73A9C /* CardView.swift */ = {isa = PBXFileReference; lastKnownFileType = sourcecode.swift; path = CardView.swift; sourceTree = "<group>"; };
		4721B47B2A212A6600C73A9C /* CardView+ToggleButton.swift */ = {isa = PBXFileReference; lastKnownFileType = sourcecode.swift; path = "CardView+ToggleButton.swift"; sourceTree = "<group>"; };
		47D703C72A25268700B2A359 /* StatusBarController.swift */ = {isa = PBXFileReference; lastKnownFileType = sourcecode.swift; path = StatusBarController.swift; sourceTree = "<group>"; };
		47D703CB2A25287900B2A359 /* HomeViewModel.swift */ = {isa = PBXFileReference; lastKnownFileType = sourcecode.swift; path = HomeViewModel.swift; sourceTree = "<group>"; };
		47D703CD2A2529E900B2A359 /* HomeView.swift */ = {isa = PBXFileReference; lastKnownFileType = sourcecode.swift; path = HomeView.swift; sourceTree = "<group>"; };
		47D703D02A25340A00B2A359 /* PauseButton.swift */ = {isa = PBXFileReference; lastKnownFileType = sourcecode.swift; path = PauseButton.swift; sourceTree = "<group>"; };
		47D703D62A27BC5300B2A359 /* CardRoundedShape.swift */ = {isa = PBXFileReference; lastKnownFileType = sourcecode.swift; path = CardRoundedShape.swift; sourceTree = "<group>"; };
		47D703D82A27BCD000B2A359 /* CardView+DescriptionView.swift */ = {isa = PBXFileReference; lastKnownFileType = sourcecode.swift; path = "CardView+DescriptionView.swift"; sourceTree = "<group>"; };
		47D703DA2A27BCF300B2A359 /* CardView+Dimentions.swift */ = {isa = PBXFileReference; lastKnownFileType = sourcecode.swift; path = "CardView+Dimentions.swift"; sourceTree = "<group>"; };
		47D703DC2A27BD0B00B2A359 /* CardView+Functions.swift */ = {isa = PBXFileReference; lastKnownFileType = sourcecode.swift; path = "CardView+Functions.swift"; sourceTree = "<group>"; };
		47D703DE2A27BD3100B2A359 /* CardView+Strip.swift */ = {isa = PBXFileReference; lastKnownFileType = sourcecode.swift; path = "CardView+Strip.swift"; sourceTree = "<group>"; };
		47D703E22A27BD9200B2A359 /* Fonts.swift */ = {isa = PBXFileReference; lastKnownFileType = sourcecode.swift; path = Fonts.swift; sourceTree = "<group>"; };
		47D703E42A27BE0A00B2A359 /* CardView+HeaderComponents.swift */ = {isa = PBXFileReference; lastKnownFileType = sourcecode.swift; path = "CardView+HeaderComponents.swift"; sourceTree = "<group>"; };
		47D703E62A27BE2000B2A359 /* CardView+HeaderView.swift */ = {isa = PBXFileReference; lastKnownFileType = sourcecode.swift; path = "CardView+HeaderView.swift"; sourceTree = "<group>"; };
/* End PBXFileReference section */

/* Begin PBXFrameworksBuildPhase section */
		17E479B52A1FD51E0035662B /* Frameworks */ = {
			isa = PBXFrameworksBuildPhase;
			buildActionMask = 2147483647;
			files = (
			);
			runOnlyForDeploymentPostprocessing = 0;
		};
/* End PBXFrameworksBuildPhase section */

/* Begin PBXGroup section */
		0DEE84642A214356003BA0F8 /* UI */ = {
			isa = PBXGroup;
			children = (
				178ACC672A27E1E400C7DAF0 /* Font */,
				47D703C52A2525D700B2A359 /* Models */,
				0DEE84662A214378003BA0F8 /* Modules */,
				0DEE84652A21436B003BA0F8 /* Components */,
			);
			path = UI;
			sourceTree = "<group>";
		};
		0DEE84652A21436B003BA0F8 /* Components */ = {
			isa = PBXGroup;
			children = (
				47D703CF2A2533F700B2A359 /* PauseButton */,
				47D703C62A25260700B2A359 /* ActivitiesList */,
				47D703C32A25256C00B2A359 /* CardView */,
				47D703C22A25252F00B2A359 /* ButtonIcon */,
				0DEE84712A214A78003BA0F8 /* CommonButton */,
			);
			path = Components;
			sourceTree = "<group>";
		};
		0DEE84662A214378003BA0F8 /* Modules */ = {
			isa = PBXGroup;
			children = (
				47D703CA2A25286300B2A359 /* HomeView */,
				17BFF77D2A20485900349993 /* SideView */,
				0DEE846D2A21459E003BA0F8 /* StatusBar */,
			);
			path = Modules;
			sourceTree = "<group>";
		};
		0DEE84682A214427003BA0F8 /* Constants */ = {
			isa = PBXGroup;
			children = (
				0DEE84692A214446003BA0F8 /* ColorConstant.swift */,
			);
			path = Constants;
			sourceTree = "<group>";
		};
		0DEE846B2A2144E8003BA0F8 /* Managers */ = {
			isa = PBXGroup;
			children = (
				0DEE846E2A21473B003BA0F8 /* StateManager.swift */,
				1797FCF22A25390D000E0C3E /* ClockTimer.swift */,
				178ACC7B2A28217000C7DAF0 /* NotificationManager.swift */,
			);
			path = Managers;
			sourceTree = "<group>";
		};
		0DEE846C2A21451A003BA0F8 /* Resources */ = {
			isa = PBXGroup;
			children = (
				17E479BB2A1FD51E0035662B /* FarfaleDelasApp.swift */,
				17E479BD2A1FD51E0035662B /* ContentView.swift */,
				17E479BF2A1FD51F0035662B /* Assets.xcassets */,
				17E479C42A1FD51F0035662B /* FarfaleDelas.entitlements */,
			);
			name = Resources;
			sourceTree = "<group>";
		};
		0DEE846D2A21459E003BA0F8 /* StatusBar */ = {
			isa = PBXGroup;
			children = (
				47D703C72A25268700B2A359 /* StatusBarController.swift */,
			);
			path = StatusBar;
			sourceTree = "<group>";
		};
		0DEE84712A214A78003BA0F8 /* CommonButton */ = {
			isa = PBXGroup;
			children = (
				17BFF77B2A20461200349993 /* CommonButtonView.swift */,
			);
			path = CommonButton;
			sourceTree = "<group>";
		};
		178ACC672A27E1E400C7DAF0 /* Font */ = {
			isa = PBXGroup;
			children = (
				178ACC782A27E2CF00C7DAF0 /* Montserrat */,
				178ACC6F2A27E2A000C7DAF0 /* QuickSand */,
				178ACC792A27E36100C7DAF0 /* Font Extension.swift */,
			);
			path = Font;
			sourceTree = "<group>";
		};
		178ACC6F2A27E2A000C7DAF0 /* QuickSand */ = {
			isa = PBXGroup;
			children = (
				178ACC682A27E20100C7DAF0 /* Quicksand-Bold.ttf */,
				178ACC692A27E20100C7DAF0 /* Quicksand-SemiBold.ttf */,
			);
			path = QuickSand;
			sourceTree = "<group>";
		};
		178ACC782A27E2CF00C7DAF0 /* Montserrat */ = {
			isa = PBXGroup;
			children = (
				178ACC722A27E2C800C7DAF0 /* Montserrat-Bold.ttf */,
				178ACC712A27E2C800C7DAF0 /* Montserrat-Medium.ttf */,
				178ACC702A27E2C800C7DAF0 /* Montserrat-Regular.ttf */,
				178ACC732A27E2C800C7DAF0 /* Montserrat-SemiBold.ttf */,
			);
			path = Montserrat;
			sourceTree = "<group>";
		};
		17BFF77D2A20485900349993 /* SideView */ = {
			isa = PBXGroup;
			children = (
				174410482A1FEBB900995EFB /* SideView.swift */,
				17BFF7792A20361000349993 /* SideViewModel.swift */,
				17E479CA2A1FD8AB0035662B /* ClockView.swift */,
			);
			name = SideView;
			path = ../../SideView;
			sourceTree = "<group>";
		};
		17E479AF2A1FD51E0035662B = {
			isa = PBXGroup;
			children = (
				17E479BA2A1FD51E0035662B /* FarfaleDelas */,
				17E479B92A1FD51E0035662B /* Products */,
			);
			sourceTree = "<group>";
		};
		17E479B92A1FD51E0035662B /* Products */ = {
			isa = PBXGroup;
			children = (
				17E479B82A1FD51E0035662B /* FarfaleDelas.app */,
			);
			name = Products;
			sourceTree = "<group>";
		};
		17E479BA2A1FD51E0035662B /* FarfaleDelas */ = {
			isa = PBXGroup;
			children = (
				178ACC6C2A27E21C00C7DAF0 /* Info.plist */,
				0DEE846C2A21451A003BA0F8 /* Resources */,
				0DEE846B2A2144E8003BA0F8 /* Managers */,
				0DEE84682A214427003BA0F8 /* Constants */,
				0DEE84642A214356003BA0F8 /* UI */,
				17E479C12A1FD51F0035662B /* Preview Content */,
			);
			path = FarfaleDelas;
			sourceTree = "<group>";
		};
		17E479C12A1FD51F0035662B /* Preview Content */ = {
			isa = PBXGroup;
			children = (
				17E479C22A1FD51F0035662B /* Preview Assets.xcassets */,
			);
			path = "Preview Content";
			sourceTree = "<group>";
		};
		47D703C22A25252F00B2A359 /* ButtonIcon */ = {
			isa = PBXGroup;
			children = (
				4721B4512A1FECB000C73A9C /* ButtonIcon.swift */,
			);
			path = ButtonIcon;
			sourceTree = "<group>";
		};
		47D703C32A25256C00B2A359 /* CardView */ = {
			isa = PBXGroup;
			children = (
				47D703E22A27BD9200B2A359 /* Fonts.swift */,
				4721B4782A21256600C73A9C /* CardView.swift */,
				47D703E62A27BE2000B2A359 /* CardView+HeaderView.swift */,
				47D703DA2A27BCF300B2A359 /* CardView+Dimentions.swift */,
				47D703D82A27BCD000B2A359 /* CardView+DescriptionView.swift */,
				47D703DC2A27BD0B00B2A359 /* CardView+Functions.swift */,
				D4AE4FDE2A27D09E009BBE52 /* Components */,
			);
			path = CardView;
			sourceTree = "<group>";
		};
		47D703C42A2525A800B2A359 /* CardInformation */ = {
			isa = PBXGroup;
			children = (
				4721B4762A21251600C73A9C /* CardInformation.swift */,
			);
			path = CardInformation;
			sourceTree = "<group>";
		};
		47D703C52A2525D700B2A359 /* Models */ = {
			isa = PBXGroup;
			children = (
				47D703C42A2525A800B2A359 /* CardInformation */,
				178A14E72A26E65300DAC62E /* WorkingMinuteOptions.swift */,
				178A14E92A26F07A00DAC62E /* UserSettings.swift */,
			);
			path = Models;
			sourceTree = "<group>";
		};
		47D703C62A25260700B2A359 /* ActivitiesList */ = {
			isa = PBXGroup;
			children = (
				4721B4532A1FED8A00C73A9C /* ActivitiesList.swift */,
			);
			path = ActivitiesList;
			sourceTree = "<group>";
		};
		47D703CA2A25286300B2A359 /* HomeView */ = {
			isa = PBXGroup;
			children = (
				178A14E32A26897C00DAC62E /* SettingsView.swift */,
				47D703CD2A2529E900B2A359 /* HomeView.swift */,
				47D703CB2A25287900B2A359 /* HomeViewModel.swift */,
			);
			path = HomeView;
			sourceTree = "<group>";
		};
		47D703CF2A2533F700B2A359 /* PauseButton */ = {
			isa = PBXGroup;
			children = (
				47D703D02A25340A00B2A359 /* PauseButton.swift */,
			);
			path = PauseButton;
			sourceTree = "<group>";
		};
		D4AE4FDE2A27D09E009BBE52 /* Components */ = {
			isa = PBXGroup;
			children = (
				47D703DE2A27BD3100B2A359 /* CardView+Strip.swift */,
				47D703D62A27BC5300B2A359 /* CardRoundedShape.swift */,
				4721B47B2A212A6600C73A9C /* CardView+ToggleButton.swift */,
				47D703E42A27BE0A00B2A359 /* CardView+HeaderComponents.swift */,
			);
			name = Components;
			sourceTree = "<group>";
		};
/* End PBXGroup section */

/* Begin PBXNativeTarget section */
		17E479B72A1FD51E0035662B /* FarfaleDelas */ = {
			isa = PBXNativeTarget;
			buildConfigurationList = 17E479C72A1FD51F0035662B /* Build configuration list for PBXNativeTarget "FarfaleDelas" */;
			buildPhases = (
				17E479B42A1FD51E0035662B /* Sources */,
				17E479B52A1FD51E0035662B /* Frameworks */,
				17E479B62A1FD51E0035662B /* Resources */,
			);
			buildRules = (
			);
			dependencies = (
			);
			name = FarfaleDelas;
			productName = FarfaleDelas;
			productReference = 17E479B82A1FD51E0035662B /* FarfaleDelas.app */;
			productType = "com.apple.product-type.application";
		};
/* End PBXNativeTarget section */

/* Begin PBXProject section */
		17E479B02A1FD51E0035662B /* Project object */ = {
			isa = PBXProject;
			attributes = {
				BuildIndependentTargetsInParallel = 1;
				LastSwiftUpdateCheck = 1430;
				LastUpgradeCheck = 1430;
				TargetAttributes = {
					17E479B72A1FD51E0035662B = {
						CreatedOnToolsVersion = 14.3;
					};
				};
			};
			buildConfigurationList = 17E479B32A1FD51E0035662B /* Build configuration list for PBXProject "FarfaleDelas" */;
			compatibilityVersion = "Xcode 14.0";
			developmentRegion = en;
			hasScannedForEncodings = 0;
			knownRegions = (
				en,
				Base,
			);
			mainGroup = 17E479AF2A1FD51E0035662B;
			productRefGroup = 17E479B92A1FD51E0035662B /* Products */;
			projectDirPath = "";
			projectRoot = "";
			targets = (
				17E479B72A1FD51E0035662B /* FarfaleDelas */,
			);
		};
/* End PBXProject section */

/* Begin PBXResourcesBuildPhase section */
		17E479B62A1FD51E0035662B /* Resources */ = {
			isa = PBXResourcesBuildPhase;
			buildActionMask = 2147483647;
			files = (
				17E479C32A1FD51F0035662B /* Preview Assets.xcassets in Resources */,
				178ACC6B2A27E20100C7DAF0 /* Quicksand-SemiBold.ttf in Resources */,
				178ACC6A2A27E20100C7DAF0 /* Quicksand-Bold.ttf in Resources */,
				178ACC742A27E2C800C7DAF0 /* Montserrat-Regular.ttf in Resources */,
				178ACC752A27E2C800C7DAF0 /* Montserrat-Medium.ttf in Resources */,
				17E479C02A1FD51F0035662B /* Assets.xcassets in Resources */,
				178ACC772A27E2C800C7DAF0 /* Montserrat-SemiBold.ttf in Resources */,
				178ACC762A27E2C800C7DAF0 /* Montserrat-Bold.ttf in Resources */,
			);
			runOnlyForDeploymentPostprocessing = 0;
		};
/* End PBXResourcesBuildPhase section */

/* Begin PBXSourcesBuildPhase section */
		17E479B42A1FD51E0035662B /* Sources */ = {
			isa = PBXSourcesBuildPhase;
			buildActionMask = 2147483647;
			files = (
				47D703E32A27BD9200B2A359 /* Fonts.swift in Sources */,
				4721B4792A21256600C73A9C /* CardView.swift in Sources */,
				47D703C82A25268700B2A359 /* StatusBarController.swift in Sources */,
				178ACC7A2A27E36100C7DAF0 /* Font Extension.swift in Sources */,
				4721B4522A1FECB000C73A9C /* ButtonIcon.swift in Sources */,
				47D703E72A27BE2000B2A359 /* CardView+HeaderView.swift in Sources */,
				47D703D12A25340A00B2A359 /* PauseButton.swift in Sources */,
				47D703DD2A27BD0B00B2A359 /* CardView+Functions.swift in Sources */,
				47D703D72A27BC5300B2A359 /* CardRoundedShape.swift in Sources */,
				17E479BE2A1FD51E0035662B /* ContentView.swift in Sources */,
				4721B4772A21251600C73A9C /* CardInformation.swift in Sources */,
				47D703D92A27BCD000B2A359 /* CardView+DescriptionView.swift in Sources */,
				4721B47E2A212A6600C73A9C /* CardView+ToggleButton.swift in Sources */,
				4721B4542A1FED8A00C73A9C /* ActivitiesList.swift in Sources */,
				17E479CB2A1FD8AB0035662B /* ClockView.swift in Sources */,
				174410492A1FEBB900995EFB /* SideView.swift in Sources */,
				47D703DB2A27BCF300B2A359 /* CardView+Dimentions.swift in Sources */,
				1797FCF32A25390D000E0C3E /* ClockTimer.swift in Sources */,
				178A14EA2A26F07A00DAC62E /* UserSettings.swift in Sources */,
				0DEE846A2A214446003BA0F8 /* ColorConstant.swift in Sources */,
				0DEE846F2A21473B003BA0F8 /* StateManager.swift in Sources */,
				178A14E82A26E65300DAC62E /* WorkingMinuteOptions.swift in Sources */,
				178ACC7C2A28217000C7DAF0 /* NotificationManager.swift in Sources */,
				17E479BC2A1FD51E0035662B /* FarfaleDelasApp.swift in Sources */,
				47D703CE2A2529E900B2A359 /* HomeView.swift in Sources */,
				47D703E52A27BE0A00B2A359 /* CardView+HeaderComponents.swift in Sources */,
				47D703CC2A25287900B2A359 /* HomeViewModel.swift in Sources */,
				17BFF77A2A20361000349993 /* SideViewModel.swift in Sources */,
				17BFF77C2A20461200349993 /* CommonButtonView.swift in Sources */,
				178A14E42A26897C00DAC62E /* SettingsView.swift in Sources */,
				47D703DF2A27BD3100B2A359 /* CardView+Strip.swift in Sources */,
			);
			runOnlyForDeploymentPostprocessing = 0;
		};
/* End PBXSourcesBuildPhase section */

/* Begin XCBuildConfiguration section */
		17E479C52A1FD51F0035662B /* Debug */ = {
			isa = XCBuildConfiguration;
			buildSettings = {
				ALWAYS_SEARCH_USER_PATHS = NO;
				CLANG_ANALYZER_NONNULL = YES;
				CLANG_ANALYZER_NUMBER_OBJECT_CONVERSION = YES_AGGRESSIVE;
				CLANG_CXX_LANGUAGE_STANDARD = "gnu++20";
				CLANG_ENABLE_MODULES = YES;
				CLANG_ENABLE_OBJC_ARC = YES;
				CLANG_ENABLE_OBJC_WEAK = YES;
				CLANG_WARN_BLOCK_CAPTURE_AUTORELEASING = YES;
				CLANG_WARN_BOOL_CONVERSION = YES;
				CLANG_WARN_COMMA = YES;
				CLANG_WARN_CONSTANT_CONVERSION = YES;
				CLANG_WARN_DEPRECATED_OBJC_IMPLEMENTATIONS = YES;
				CLANG_WARN_DIRECT_OBJC_ISA_USAGE = YES_ERROR;
				CLANG_WARN_DOCUMENTATION_COMMENTS = YES;
				CLANG_WARN_EMPTY_BODY = YES;
				CLANG_WARN_ENUM_CONVERSION = YES;
				CLANG_WARN_INFINITE_RECURSION = YES;
				CLANG_WARN_INT_CONVERSION = YES;
				CLANG_WARN_NON_LITERAL_NULL_CONVERSION = YES;
				CLANG_WARN_OBJC_IMPLICIT_RETAIN_SELF = YES;
				CLANG_WARN_OBJC_LITERAL_CONVERSION = YES;
				CLANG_WARN_OBJC_ROOT_CLASS = YES_ERROR;
				CLANG_WARN_QUOTED_INCLUDE_IN_FRAMEWORK_HEADER = YES;
				CLANG_WARN_RANGE_LOOP_ANALYSIS = YES;
				CLANG_WARN_STRICT_PROTOTYPES = YES;
				CLANG_WARN_SUSPICIOUS_MOVE = YES;
				CLANG_WARN_UNGUARDED_AVAILABILITY = YES_AGGRESSIVE;
				CLANG_WARN_UNREACHABLE_CODE = YES;
				CLANG_WARN__DUPLICATE_METHOD_MATCH = YES;
				COPY_PHASE_STRIP = NO;
				DEBUG_INFORMATION_FORMAT = dwarf;
				ENABLE_STRICT_OBJC_MSGSEND = YES;
				ENABLE_TESTABILITY = YES;
				GCC_C_LANGUAGE_STANDARD = gnu11;
				GCC_DYNAMIC_NO_PIC = NO;
				GCC_NO_COMMON_BLOCKS = YES;
				GCC_OPTIMIZATION_LEVEL = 0;
				GCC_PREPROCESSOR_DEFINITIONS = (
					"DEBUG=1",
					"$(inherited)",
				);
				GCC_WARN_64_TO_32_BIT_CONVERSION = YES;
				GCC_WARN_ABOUT_RETURN_TYPE = YES_ERROR;
				GCC_WARN_UNDECLARED_SELECTOR = YES;
				GCC_WARN_UNINITIALIZED_AUTOS = YES_AGGRESSIVE;
				GCC_WARN_UNUSED_FUNCTION = YES;
				GCC_WARN_UNUSED_VARIABLE = YES;
				MACOSX_DEPLOYMENT_TARGET = 13.3;
				MTL_ENABLE_DEBUG_INFO = INCLUDE_SOURCE;
				MTL_FAST_MATH = YES;
				ONLY_ACTIVE_ARCH = YES;
				SDKROOT = macosx;
				SWIFT_ACTIVE_COMPILATION_CONDITIONS = DEBUG;
				SWIFT_OPTIMIZATION_LEVEL = "-Onone";
			};
			name = Debug;
		};
		17E479C62A1FD51F0035662B /* Release */ = {
			isa = XCBuildConfiguration;
			buildSettings = {
				ALWAYS_SEARCH_USER_PATHS = NO;
				CLANG_ANALYZER_NONNULL = YES;
				CLANG_ANALYZER_NUMBER_OBJECT_CONVERSION = YES_AGGRESSIVE;
				CLANG_CXX_LANGUAGE_STANDARD = "gnu++20";
				CLANG_ENABLE_MODULES = YES;
				CLANG_ENABLE_OBJC_ARC = YES;
				CLANG_ENABLE_OBJC_WEAK = YES;
				CLANG_WARN_BLOCK_CAPTURE_AUTORELEASING = YES;
				CLANG_WARN_BOOL_CONVERSION = YES;
				CLANG_WARN_COMMA = YES;
				CLANG_WARN_CONSTANT_CONVERSION = YES;
				CLANG_WARN_DEPRECATED_OBJC_IMPLEMENTATIONS = YES;
				CLANG_WARN_DIRECT_OBJC_ISA_USAGE = YES_ERROR;
				CLANG_WARN_DOCUMENTATION_COMMENTS = YES;
				CLANG_WARN_EMPTY_BODY = YES;
				CLANG_WARN_ENUM_CONVERSION = YES;
				CLANG_WARN_INFINITE_RECURSION = YES;
				CLANG_WARN_INT_CONVERSION = YES;
				CLANG_WARN_NON_LITERAL_NULL_CONVERSION = YES;
				CLANG_WARN_OBJC_IMPLICIT_RETAIN_SELF = YES;
				CLANG_WARN_OBJC_LITERAL_CONVERSION = YES;
				CLANG_WARN_OBJC_ROOT_CLASS = YES_ERROR;
				CLANG_WARN_QUOTED_INCLUDE_IN_FRAMEWORK_HEADER = YES;
				CLANG_WARN_RANGE_LOOP_ANALYSIS = YES;
				CLANG_WARN_STRICT_PROTOTYPES = YES;
				CLANG_WARN_SUSPICIOUS_MOVE = YES;
				CLANG_WARN_UNGUARDED_AVAILABILITY = YES_AGGRESSIVE;
				CLANG_WARN_UNREACHABLE_CODE = YES;
				CLANG_WARN__DUPLICATE_METHOD_MATCH = YES;
				COPY_PHASE_STRIP = NO;
				DEBUG_INFORMATION_FORMAT = "dwarf-with-dsym";
				ENABLE_NS_ASSERTIONS = NO;
				ENABLE_STRICT_OBJC_MSGSEND = YES;
				GCC_C_LANGUAGE_STANDARD = gnu11;
				GCC_NO_COMMON_BLOCKS = YES;
				GCC_WARN_64_TO_32_BIT_CONVERSION = YES;
				GCC_WARN_ABOUT_RETURN_TYPE = YES_ERROR;
				GCC_WARN_UNDECLARED_SELECTOR = YES;
				GCC_WARN_UNINITIALIZED_AUTOS = YES_AGGRESSIVE;
				GCC_WARN_UNUSED_FUNCTION = YES;
				GCC_WARN_UNUSED_VARIABLE = YES;
				MACOSX_DEPLOYMENT_TARGET = 13.3;
				MTL_ENABLE_DEBUG_INFO = NO;
				MTL_FAST_MATH = YES;
				SDKROOT = macosx;
				SWIFT_COMPILATION_MODE = wholemodule;
				SWIFT_OPTIMIZATION_LEVEL = "-O";
			};
			name = Release;
		};
		17E479C82A1FD51F0035662B /* Debug */ = {
			isa = XCBuildConfiguration;
			buildSettings = {
				ASSETCATALOG_COMPILER_APPICON_NAME = AppIcon;
				ASSETCATALOG_COMPILER_GLOBAL_ACCENT_COLOR_NAME = AccentColor;
				ASSETCATALOG_COMPILER_INCLUDE_ALL_APPICON_ASSETS = YES;
				CODE_SIGN_ENTITLEMENTS = FarfaleDelas/FarfaleDelas.entitlements;
				CODE_SIGN_STYLE = Automatic;
				COMBINE_HIDPI_IMAGES = YES;
				CURRENT_PROJECT_VERSION = 1;
				DEVELOPMENT_ASSET_PATHS = "\"FarfaleDelas/Preview Content\"";
				DEVELOPMENT_TEAM = 5M8NVJZA75;
				ENABLE_HARDENED_RUNTIME = YES;
				ENABLE_PREVIEWS = YES;
				GENERATE_INFOPLIST_FILE = YES;
				INFOPLIST_FILE = FarfaleDelas/Info.plist;
				INFOPLIST_KEY_LSUIElement = YES;
				INFOPLIST_KEY_NSHumanReadableCopyright = "";
				LD_RUNPATH_SEARCH_PATHS = (
					"$(inherited)",
					"@executable_path/../Frameworks",
				);
				MARKETING_VERSION = 1.0;
				PRODUCT_BUNDLE_IDENTIFIER = br.ufpe.cin.academy.FarfaleDelas;
				PRODUCT_NAME = "$(TARGET_NAME)";
				SWIFT_EMIT_LOC_STRINGS = YES;
				SWIFT_VERSION = 5.0;
			};
			name = Debug;
		};
		17E479C92A1FD51F0035662B /* Release */ = {
			isa = XCBuildConfiguration;
			buildSettings = {
				ASSETCATALOG_COMPILER_APPICON_NAME = AppIcon;
				ASSETCATALOG_COMPILER_GLOBAL_ACCENT_COLOR_NAME = AccentColor;
				ASSETCATALOG_COMPILER_INCLUDE_ALL_APPICON_ASSETS = YES;
				CODE_SIGN_ENTITLEMENTS = FarfaleDelas/FarfaleDelas.entitlements;
				CODE_SIGN_STYLE = Automatic;
				COMBINE_HIDPI_IMAGES = YES;
				CURRENT_PROJECT_VERSION = 1;
				DEVELOPMENT_ASSET_PATHS = "\"FarfaleDelas/Preview Content\"";
				DEVELOPMENT_TEAM = 5M8NVJZA75;
				ENABLE_HARDENED_RUNTIME = YES;
				ENABLE_PREVIEWS = YES;
				GENERATE_INFOPLIST_FILE = YES;
				INFOPLIST_FILE = FarfaleDelas/Info.plist;
				INFOPLIST_KEY_LSUIElement = YES;
				INFOPLIST_KEY_NSHumanReadableCopyright = "";
				LD_RUNPATH_SEARCH_PATHS = (
					"$(inherited)",
					"@executable_path/../Frameworks",
				);
				MARKETING_VERSION = 1.0;
				PRODUCT_BUNDLE_IDENTIFIER = br.ufpe.cin.academy.FarfaleDelas;
				PRODUCT_NAME = "$(TARGET_NAME)";
				SWIFT_EMIT_LOC_STRINGS = YES;
				SWIFT_VERSION = 5.0;
			};
			name = Release;
		};
/* End XCBuildConfiguration section */

/* Begin XCConfigurationList section */
		17E479B32A1FD51E0035662B /* Build configuration list for PBXProject "FarfaleDelas" */ = {
			isa = XCConfigurationList;
			buildConfigurations = (
				17E479C52A1FD51F0035662B /* Debug */,
				17E479C62A1FD51F0035662B /* Release */,
			);
			defaultConfigurationIsVisible = 0;
			defaultConfigurationName = Release;
		};
		17E479C72A1FD51F0035662B /* Build configuration list for PBXNativeTarget "FarfaleDelas" */ = {
			isa = XCConfigurationList;
			buildConfigurations = (
				17E479C82A1FD51F0035662B /* Debug */,
				17E479C92A1FD51F0035662B /* Release */,
			);
			defaultConfigurationIsVisible = 0;
			defaultConfigurationName = Release;
		};
/* End XCConfigurationList section */
	};
	rootObject = 17E479B02A1FD51E0035662B /* Project object */;
}
